// !$*UTF8*$!
{
	archiveVersion = 1;
	classes = {
	};
	objectVersion = 50;
	objects = {

/* Begin PBXBuildFile section */
		84A38C1722B77D54002785B0 /* AppDelegate.swift in Sources */ = {isa = PBXBuildFile; fileRef = 84A38C1622B77D54002785B0 /* AppDelegate.swift */; };
		84A38C1922B77D54002785B0 /* ViewController.swift in Sources */ = {isa = PBXBuildFile; fileRef = 84A38C1822B77D54002785B0 /* ViewController.swift */; };
		84A38C1C22B77D54002785B0 /* Main.storyboard in Resources */ = {isa = PBXBuildFile; fileRef = 84A38C1A22B77D54002785B0 /* Main.storyboard */; };
		84A38C1E22B77D56002785B0 /* Assets.xcassets in Resources */ = {isa = PBXBuildFile; fileRef = 84A38C1D22B77D56002785B0 /* Assets.xcassets */; };
		84A38C2122B77D56002785B0 /* LaunchScreen.storyboard in Resources */ = {isa = PBXBuildFile; fileRef = 84A38C1F22B77D56002785B0 /* LaunchScreen.storyboard */; };
		84A38C2C22B77D56002785B0 /* TestTests.swift in Sources */ = {isa = PBXBuildFile; fileRef = 84A38C2B22B77D56002785B0 /* TestTests.swift */; };
		84A38C3722B77D56002785B0 /* TestUITests.swift in Sources */ = {isa = PBXBuildFile; fileRef = 84A38C3622B77D56002785B0 /* TestUITests.swift */; };
		BBE5419975BC00B5E88638AA /* Pods_Test.framework in Frameworks */ = {isa = PBXBuildFile; fileRef = 2DABAAC0C3D8BC5549FC3B10 /* Pods_Test.framework */; };
/* End PBXBuildFile section */

/* Begin PBXContainerItemProxy section */
		84A38C2822B77D56002785B0 /* PBXContainerItemProxy */ = {
			isa = PBXContainerItemProxy;
			containerPortal = 84A38C0B22B77D54002785B0 /* Project object */;
			proxyType = 1;
			remoteGlobalIDString = 84A38C1222B77D54002785B0;
			remoteInfo = Test;
		};
		84A38C3322B77D56002785B0 /* PBXContainerItemProxy */ = {
			isa = PBXContainerItemProxy;
			containerPortal = 84A38C0B22B77D54002785B0 /* Project object */;
			proxyType = 1;
			remoteGlobalIDString = 84A38C1222B77D54002785B0;
			remoteInfo = Test;
		};
/* End PBXContainerItemProxy section */

/* Begin PBXFileReference section */
		2DABAAC0C3D8BC5549FC3B10 /* Pods_Test.framework */ = {isa = PBXFileReference; explicitFileType = wrapper.framework; includeInIndex = 0; path = Pods_Test.framework; sourceTree = BUILT_PRODUCTS_DIR; };
		3054B4B443BD81FC07DF7D96 /* Pods-Test.debug.xcconfig */ = {isa = PBXFileReference; includeInIndex = 1; lastKnownFileType = text.xcconfig; name = "Pods-Test.debug.xcconfig"; path = "Target Support Files/Pods-Test/Pods-Test.debug.xcconfig"; sourceTree = "<group>"; };
		84A38C1322B77D54002785B0 /* Test.app */ = {isa = PBXFileReference; explicitFileType = wrapper.application; includeInIndex = 0; path = Test.app; sourceTree = BUILT_PRODUCTS_DIR; };
		84A38C1622B77D54002785B0 /* AppDelegate.swift */ = {isa = PBXFileReference; lastKnownFileType = sourcecode.swift; path = AppDelegate.swift; sourceTree = "<group>"; };
		84A38C1822B77D54002785B0 /* ViewController.swift */ = {isa = PBXFileReference; lastKnownFileType = sourcecode.swift; path = ViewController.swift; sourceTree = "<group>"; };
		84A38C1B22B77D54002785B0 /* Base */ = {isa = PBXFileReference; lastKnownFileType = file.storyboard; name = Base; path = Base.lproj/Main.storyboard; sourceTree = "<group>"; };
		84A38C1D22B77D56002785B0 /* Assets.xcassets */ = {isa = PBXFileReference; lastKnownFileType = folder.assetcatalog; path = Assets.xcassets; sourceTree = "<group>"; };
		84A38C2022B77D56002785B0 /* Base */ = {isa = PBXFileReference; lastKnownFileType = file.storyboard; name = Base; path = Base.lproj/LaunchScreen.storyboard; sourceTree = "<group>"; };
		84A38C2222B77D56002785B0 /* Info.plist */ = {isa = PBXFileReference; lastKnownFileType = text.plist.xml; path = Info.plist; sourceTree = "<group>"; };
		84A38C2722B77D56002785B0 /* TestTests.xctest */ = {isa = PBXFileReference; explicitFileType = wrapper.cfbundle; includeInIndex = 0; path = TestTests.xctest; sourceTree = BUILT_PRODUCTS_DIR; };
		84A38C2B22B77D56002785B0 /* TestTests.swift */ = {isa = PBXFileReference; lastKnownFileType = sourcecode.swift; path = TestTests.swift; sourceTree = "<group>"; };
		84A38C2D22B77D56002785B0 /* Info.plist */ = {isa = PBXFileReference; lastKnownFileType = text.plist.xml; path = Info.plist; sourceTree = "<group>"; };
		84A38C3222B77D56002785B0 /* TestUITests.xctest */ = {isa = PBXFileReference; explicitFileType = wrapper.cfbundle; includeInIndex = 0; path = TestUITests.xctest; sourceTree = BUILT_PRODUCTS_DIR; };
		84A38C3622B77D56002785B0 /* TestUITests.swift */ = {isa = PBXFileReference; lastKnownFileType = sourcecode.swift; path = TestUITests.swift; sourceTree = "<group>"; };
		84A38C3822B77D56002785B0 /* Info.plist */ = {isa = PBXFileReference; lastKnownFileType = text.plist.xml; path = Info.plist; sourceTree = "<group>"; };
		AFC7F2954E4BE9F86033F6AB /* Pods-Test.release.xcconfig */ = {isa = PBXFileReference; includeInIndex = 1; lastKnownFileType = text.xcconfig; name = "Pods-Test.release.xcconfig"; path = "Target Support Files/Pods-Test/Pods-Test.release.xcconfig"; sourceTree = "<group>"; };
/* End PBXFileReference section */

/* Begin PBXFrameworksBuildPhase section */
		84A38C1022B77D54002785B0 /* Frameworks */ = {
			isa = PBXFrameworksBuildPhase;
			buildActionMask = 2147483647;
			files = (
				BBE5419975BC00B5E88638AA /* Pods_Test.framework in Frameworks */,
			);
			runOnlyForDeploymentPostprocessing = 0;
		};
		84A38C2422B77D56002785B0 /* Frameworks */ = {
			isa = PBXFrameworksBuildPhase;
			buildActionMask = 2147483647;
			files = (
			);
			runOnlyForDeploymentPostprocessing = 0;
		};
		84A38C2F22B77D56002785B0 /* Frameworks */ = {
			isa = PBXFrameworksBuildPhase;
			buildActionMask = 2147483647;
			files = (
			);
			runOnlyForDeploymentPostprocessing = 0;
		};
/* End PBXFrameworksBuildPhase section */

/* Begin PBXGroup section */
		39A9741BB8FA82657DEACC44 /* Pods */ = {
			isa = PBXGroup;
			children = (
				3054B4B443BD81FC07DF7D96 /* Pods-Test.debug.xcconfig */,
				AFC7F2954E4BE9F86033F6AB /* Pods-Test.release.xcconfig */,
			);
			path = Pods;
			sourceTree = "<group>";
		};
		84A38C0A22B77D54002785B0 = {
			isa = PBXGroup;
			children = (
				84A38C1522B77D54002785B0 /* Test */,
				84A38C2A22B77D56002785B0 /* TestTests */,
				84A38C3522B77D56002785B0 /* TestUITests */,
				84A38C1422B77D54002785B0 /* Products */,
				39A9741BB8FA82657DEACC44 /* Pods */,
				EA2A5193267613D0A807DEA2 /* Frameworks */,
			);
			sourceTree = "<group>";
		};
		84A38C1422B77D54002785B0 /* Products */ = {
			isa = PBXGroup;
			children = (
				84A38C1322B77D54002785B0 /* Test.app */,
				84A38C2722B77D56002785B0 /* TestTests.xctest */,
				84A38C3222B77D56002785B0 /* TestUITests.xctest */,
			);
			name = Products;
			sourceTree = "<group>";
		};
		84A38C1522B77D54002785B0 /* Test */ = {
			isa = PBXGroup;
			children = (
				84A38C1622B77D54002785B0 /* AppDelegate.swift */,
				84A38C1822B77D54002785B0 /* ViewController.swift */,
				84A38C1A22B77D54002785B0 /* Main.storyboard */,
				84A38C1D22B77D56002785B0 /* Assets.xcassets */,
				84A38C1F22B77D56002785B0 /* LaunchScreen.storyboard */,
				84A38C2222B77D56002785B0 /* Info.plist */,
			);
			path = Test;
			sourceTree = "<group>";
		};
		84A38C2A22B77D56002785B0 /* TestTests */ = {
			isa = PBXGroup;
			children = (
				84A38C2B22B77D56002785B0 /* TestTests.swift */,
				84A38C2D22B77D56002785B0 /* Info.plist */,
			);
			path = TestTests;
			sourceTree = "<group>";
		};
		84A38C3522B77D56002785B0 /* TestUITests */ = {
			isa = PBXGroup;
			children = (
				84A38C3622B77D56002785B0 /* TestUITests.swift */,
				84A38C3822B77D56002785B0 /* Info.plist */,
			);
			path = TestUITests;
			sourceTree = "<group>";
		};
		EA2A5193267613D0A807DEA2 /* Frameworks */ = {
			isa = PBXGroup;
			children = (
				2DABAAC0C3D8BC5549FC3B10 /* Pods_Test.framework */,
			);
			name = Frameworks;
			sourceTree = "<group>";
		};
/* End PBXGroup section */

/* Begin PBXNativeTarget section */
		84A38C1222B77D54002785B0 /* Test */ = {
			isa = PBXNativeTarget;
			buildConfigurationList = 84A38C3B22B77D56002785B0 /* Build configuration list for PBXNativeTarget "Test" */;
			buildPhases = (
				3C94391563CF35C502050ADF /* [CP] Check Pods Manifest.lock */,
				84A38C0F22B77D54002785B0 /* Sources */,
				84A38C1022B77D54002785B0 /* Frameworks */,
				84A38C1122B77D54002785B0 /* Resources */,
			);
			buildRules = (
			);
			dependencies = (
			);
			name = Test;
			productName = Test;
			productReference = 84A38C1322B77D54002785B0 /* Test.app */;
			productType = "com.apple.product-type.application";
		};
		84A38C2622B77D56002785B0 /* TestTests */ = {
			isa = PBXNativeTarget;
			buildConfigurationList = 84A38C3E22B77D56002785B0 /* Build configuration list for PBXNativeTarget "TestTests" */;
			buildPhases = (
				84A38C2322B77D56002785B0 /* Sources */,
				84A38C2422B77D56002785B0 /* Frameworks */,
				84A38C2522B77D56002785B0 /* Resources */,
			);
			buildRules = (
			);
			dependencies = (
				84A38C2922B77D56002785B0 /* PBXTargetDependency */,
			);
			name = TestTests;
			productName = TestTests;
			productReference = 84A38C2722B77D56002785B0 /* TestTests.xctest */;
			productType = "com.apple.product-type.bundle.unit-test";
		};
		84A38C3122B77D56002785B0 /* TestUITests */ = {
			isa = PBXNativeTarget;
			buildConfigurationList = 84A38C4122B77D56002785B0 /* Build configuration list for PBXNativeTarget "TestUITests" */;
			buildPhases = (
				84A38C2E22B77D56002785B0 /* Sources */,
				84A38C2F22B77D56002785B0 /* Frameworks */,
				84A38C3022B77D56002785B0 /* Resources */,
			);
			buildRules = (
			);
			dependencies = (
				84A38C3422B77D56002785B0 /* PBXTargetDependency */,
			);
			name = TestUITests;
			productName = TestUITests;
			productReference = 84A38C3222B77D56002785B0 /* TestUITests.xctest */;
			productType = "com.apple.product-type.bundle.ui-testing";
		};
/* End PBXNativeTarget section */

/* Begin PBXProject section */
		84A38C0B22B77D54002785B0 /* Project object */ = {
			isa = PBXProject;
			attributes = {
				LastSwiftUpdateCheck = 1020;
				LastUpgradeCheck = 1020;
				ORGANIZATIONNAME = yonshi;
				TargetAttributes = {
					84A38C1222B77D54002785B0 = {
						CreatedOnToolsVersion = 10.2;
					};
					84A38C2622B77D56002785B0 = {
						CreatedOnToolsVersion = 10.2;
						TestTargetID = 84A38C1222B77D54002785B0;
					};
					84A38C3122B77D56002785B0 = {
						CreatedOnToolsVersion = 10.2;
						TestTargetID = 84A38C1222B77D54002785B0;
					};
				};
			};
			buildConfigurationList = 84A38C0E22B77D54002785B0 /* Build configuration list for PBXProject "Test" */;
			compatibilityVersion = "Xcode 9.3";
			developmentRegion = en;
			hasScannedForEncodings = 0;
			knownRegions = (
				en,
				Base,
			);
			mainGroup = 84A38C0A22B77D54002785B0;
			productRefGroup = 84A38C1422B77D54002785B0 /* Products */;
			projectDirPath = "";
			projectRoot = "";
			targets = (
				84A38C1222B77D54002785B0 /* Test */,
				84A38C2622B77D56002785B0 /* TestTests */,
				84A38C3122B77D56002785B0 /* TestUITests */,
			);
		};
/* End PBXProject section */

/* Begin PBXResourcesBuildPhase section */
		84A38C1122B77D54002785B0 /* Resources */ = {
			isa = PBXResourcesBuildPhase;
			buildActionMask = 2147483647;
			files = (
				84A38C2122B77D56002785B0 /* LaunchScreen.storyboard in Resources */,
				84A38C1E22B77D56002785B0 /* Assets.xcassets in Resources */,
				84A38C1C22B77D54002785B0 /* Main.storyboard in Resources */,
			);
			runOnlyForDeploymentPostprocessing = 0;
		};
		84A38C2522B77D56002785B0 /* Resources */ = {
			isa = PBXResourcesBuildPhase;
			buildActionMask = 2147483647;
			files = (
			);
			runOnlyForDeploymentPostprocessing = 0;
		};
		84A38C3022B77D56002785B0 /* Resources */ = {
			isa = PBXResourcesBuildPhase;
			buildActionMask = 2147483647;
			files = (
			);
			runOnlyForDeploymentPostprocessing = 0;
		};
/* End PBXResourcesBuildPhase section */

/* Begin PBXShellScriptBuildPhase section */
		3C94391563CF35C502050ADF /* [CP] Check Pods Manifest.lock */ = {
			isa = PBXShellScriptBuildPhase;
			buildActionMask = 2147483647;
			files = (
			);
			inputFileListPaths = (
			);
			inputPaths = (
				"${PODS_PODFILE_DIR_PATH}/Podfile.lock",
				"${PODS_ROOT}/Manifest.lock",
			);
			name = "[CP] Check Pods Manifest.lock";
			outputFileListPaths = (
			);
			outputPaths = (
				"$(DERIVED_FILE_DIR)/Pods-Test-checkManifestLockResult.txt",
			);
			runOnlyForDeploymentPostprocessing = 0;
			shellPath = /bin/sh;
			shellScript = "diff \"${PODS_PODFILE_DIR_PATH}/Podfile.lock\" \"${PODS_ROOT}/Manifest.lock\" > /dev/null\nif [ $? != 0 ] ; then\n    # print error to STDERR\n    echo \"error: The sandbox is not in sync with the Podfile.lock. Run 'pod install' or update your CocoaPods installation.\" >&2\n    exit 1\nfi\n# This output is used by Xcode 'outputs' to avoid re-running this script phase.\necho \"SUCCESS\" > \"${SCRIPT_OUTPUT_FILE_0}\"\n";
			showEnvVarsInLog = 0;
		};
/* End PBXShellScriptBuildPhase section */

/* Begin PBXSourcesBuildPhase section */
		84A38C0F22B77D54002785B0 /* Sources */ = {
			isa = PBXSourcesBuildPhase;
			buildActionMask = 2147483647;
			files = (
				84A38C1922B77D54002785B0 /* ViewController.swift in Sources */,
				84A38C1722B77D54002785B0 /* AppDelegate.swift in Sources */,
			);
			runOnlyForDeploymentPostprocessing = 0;
		};
		84A38C2322B77D56002785B0 /* Sources */ = {
			isa = PBXSourcesBuildPhase;
			buildActionMask = 2147483647;
			files = (
				84A38C2C22B77D56002785B0 /* TestTests.swift in Sources */,
			);
			runOnlyForDeploymentPostprocessing = 0;
		};
		84A38C2E22B77D56002785B0 /* Sources */ = {
			isa = PBXSourcesBuildPhase;
			buildActionMask = 2147483647;
			files = (
				84A38C3722B77D56002785B0 /* TestUITests.swift in Sources */,
			);
			runOnlyForDeploymentPostprocessing = 0;
		};
/* End PBXSourcesBuildPhase section */

/* Begin PBXTargetDependency section */
		84A38C2922B77D56002785B0 /* PBXTargetDependency */ = {
			isa = PBXTargetDependency;
			target = 84A38C1222B77D54002785B0 /* Test */;
			targetProxy = 84A38C2822B77D56002785B0 /* PBXContainerItemProxy */;
		};
		84A38C3422B77D56002785B0 /* PBXTargetDependency */ = {
			isa = PBXTargetDependency;
			target = 84A38C1222B77D54002785B0 /* Test */;
			targetProxy = 84A38C3322B77D56002785B0 /* PBXContainerItemProxy */;
		};
/* End PBXTargetDependency section */

/* Begin PBXVariantGroup section */
		84A38C1A22B77D54002785B0 /* Main.storyboard */ = {
			isa = PBXVariantGroup;
			children = (
				84A38C1B22B77D54002785B0 /* Base */,
			);
			name = Main.storyboard;
			sourceTree = "<group>";
		};
		84A38C1F22B77D56002785B0 /* LaunchScreen.storyboard */ = {
			isa = PBXVariantGroup;
			children = (
				84A38C2022B77D56002785B0 /* Base */,
			);
			name = LaunchScreen.storyboard;
			sourceTree = "<group>";
		};
/* End PBXVariantGroup section */

/* Begin XCBuildConfiguration section */
		84A38C3922B77D56002785B0 /* Debug */ = {
			isa = XCBuildConfiguration;
			buildSettings = {
				ALWAYS_SEARCH_USER_PATHS = NO;
				CLANG_ANALYZER_NONNULL = YES;
				CLANG_ANALYZER_NUMBER_OBJECT_CONVERSION = YES_AGGRESSIVE;
				CLANG_CXX_LANGUAGE_STANDARD = "gnu++14";
				CLANG_CXX_LIBRARY = "libc++";
				CLANG_ENABLE_MODULES = YES;
				CLANG_ENABLE_OBJC_ARC = YES;
				CLANG_ENABLE_OBJC_WEAK = YES;
				CLANG_WARN_BLOCK_CAPTURE_AUTORELEASING = YES;
				CLANG_WARN_BOOL_CONVERSION = YES;
				CLANG_WARN_COMMA = YES;
				CLANG_WARN_CONSTANT_CONVERSION = YES;
				CLANG_WARN_DEPRECATED_OBJC_IMPLEMENTATIONS = YES;
				CLANG_WARN_DIRECT_OBJC_ISA_USAGE = YES_ERROR;
				CLANG_WARN_DOCUMENTATION_COMMENTS = YES;
				CLANG_WARN_EMPTY_BODY = YES;
				CLANG_WARN_ENUM_CONVERSION = YES;
				CLANG_WARN_INFINITE_RECURSION = YES;
				CLANG_WARN_INT_CONVERSION = YES;
				CLANG_WARN_NON_LITERAL_NULL_CONVERSION = YES;
				CLANG_WARN_OBJC_IMPLICIT_RETAIN_SELF = YES;
				CLANG_WARN_OBJC_LITERAL_CONVERSION = YES;
				CLANG_WARN_OBJC_ROOT_CLASS = YES_ERROR;
				CLANG_WARN_RANGE_LOOP_ANALYSIS = YES;
				CLANG_WARN_STRICT_PROTOTYPES = YES;
				CLANG_WARN_SUSPICIOUS_MOVE = YES;
				CLANG_WARN_UNGUARDED_AVAILABILITY = YES_AGGRESSIVE;
				CLANG_WARN_UNREACHABLE_CODE = YES;
				CLANG_WARN__DUPLICATE_METHOD_MATCH = YES;
				CODE_SIGN_IDENTITY = "iPhone Developer";
				COPY_PHASE_STRIP = NO;
				DEBUG_INFORMATION_FORMAT = dwarf;
				ENABLE_STRICT_OBJC_MSGSEND = YES;
				ENABLE_TESTABILITY = YES;
				GCC_C_LANGUAGE_STANDARD = gnu11;
				GCC_DYNAMIC_NO_PIC = NO;
				GCC_NO_COMMON_BLOCKS = YES;
				GCC_OPTIMIZATION_LEVEL = 0;
				GCC_PREPROCESSOR_DEFINITIONS = (
					"DEBUG=1",
					"$(inherited)",
				);
				GCC_WARN_64_TO_32_BIT_CONVERSION = YES;
				GCC_WARN_ABOUT_RETURN_TYPE = YES_ERROR;
				GCC_WARN_UNDECLARED_SELECTOR = YES;
				GCC_WARN_UNINITIALIZED_AUTOS = YES_AGGRESSIVE;
				GCC_WARN_UNUSED_FUNCTION = YES;
				GCC_WARN_UNUSED_VARIABLE = YES;
				IPHONEOS_DEPLOYMENT_TARGET = 12.2;
				MTL_ENABLE_DEBUG_INFO = INCLUDE_SOURCE;
				MTL_FAST_MATH = YES;
				ONLY_ACTIVE_ARCH = YES;
				SDKROOT = iphoneos;
				SWIFT_ACTIVE_COMPILATION_CONDITIONS = DEBUG;
				SWIFT_OPTIMIZATION_LEVEL = "-Onone";
			};
			name = Debug;
		};
		84A38C3A22B77D56002785B0 /* Release */ = {
			isa = XCBuildConfiguration;
			buildSettings = {
				ALWAYS_SEARCH_USER_PATHS = NO;
				CLANG_ANALYZER_NONNULL = YES;
				CLANG_ANALYZER_NUMBER_OBJECT_CONVERSION = YES_AGGRESSIVE;
				CLANG_CXX_LANGUAGE_STANDARD = "gnu++14";
				CLANG_CXX_LIBRARY = "libc++";
				CLANG_ENABLE_MODULES = YES;
				CLANG_ENABLE_OBJC_ARC = YES;
				CLANG_ENABLE_OBJC_WEAK = YES;
				CLANG_WARN_BLOCK_CAPTURE_AUTORELEASING = YES;
				CLANG_WARN_BOOL_CONVERSION = YES;
				CLANG_WARN_COMMA = YES;
				CLANG_WARN_CONSTANT_CONVERSION = YES;
				CLANG_WARN_DEPRECATED_OBJC_IMPLEMENTATIONS = YES;
				CLANG_WARN_DIRECT_OBJC_ISA_USAGE = YES_ERROR;
				CLANG_WARN_DOCUMENTATION_COMMENTS = YES;
				CLANG_WARN_EMPTY_BODY = YES;
				CLANG_WARN_ENUM_CONVERSION = YES;
				CLANG_WARN_INFINITE_RECURSION = YES;
				CLANG_WARN_INT_CONVERSION = YES;
				CLANG_WARN_NON_LITERAL_NULL_CONVERSION = YES;
				CLANG_WARN_OBJC_IMPLICIT_RETAIN_SELF = YES;
				CLANG_WARN_OBJC_LITERAL_CONVERSION = YES;
				CLANG_WARN_OBJC_ROOT_CLASS = YES_ERROR;
				CLANG_WARN_RANGE_LOOP_ANALYSIS = YES;
				CLANG_WARN_STRICT_PROTOTYPES = YES;
				CLANG_WARN_SUSPICIOUS_MOVE = YES;
				CLANG_WARN_UNGUARDED_AVAILABILITY = YES_AGGRESSIVE;
				CLANG_WARN_UNREACHABLE_CODE = YES;
				CLANG_WARN__DUPLICATE_METHOD_MATCH = YES;
				CODE_SIGN_IDENTITY = "iPhone Developer";
				COPY_PHASE_STRIP = NO;
				DEBUG_INFORMATION_FORMAT = "dwarf-with-dsym";
				ENABLE_NS_ASSERTIONS = NO;
				ENABLE_STRICT_OBJC_MSGSEND = YES;
				GCC_C_LANGUAGE_STANDARD = gnu11;
				GCC_NO_COMMON_BLOCKS = YES;
				GCC_WARN_64_TO_32_BIT_CONVERSION = YES;
				GCC_WARN_ABOUT_RETURN_TYPE = YES_ERROR;
				GCC_WARN_UNDECLARED_SELECTOR = YES;
				GCC_WARN_UNINITIALIZED_AUTOS = YES_AGGRESSIVE;
				GCC_WARN_UNUSED_FUNCTION = YES;
				GCC_WARN_UNUSED_VARIABLE = YES;
				IPHONEOS_DEPLOYMENT_TARGET = 12.2;
				MTL_ENABLE_DEBUG_INFO = NO;
				MTL_FAST_MATH = YES;
				SDKROOT = iphoneos;
				SWIFT_COMPILATION_MODE = wholemodule;
				SWIFT_OPTIMIZATION_LEVEL = "-O";
				VALIDATE_PRODUCT = YES;
			};
			name = Release;
		};
		84A38C3C22B77D56002785B0 /* Debug */ = {
			isa = XCBuildConfiguration;
			baseConfigurationReference = 3054B4B443BD81FC07DF7D96 /* Pods-Test.debug.xcconfig */;
			buildSettings = {
				ASSETCATALOG_COMPILER_APPICON_NAME = AppIcon;
				CODE_SIGN_IDENTITY = "iPhone Developer";
				CODE_SIGN_STYLE = Automatic;
				DEVELOPMENT_TEAM = 526ZH5JYYX;
				INFOPLIST_FILE = Test/Info.plist;
				IPHONEOS_DEPLOYMENT_TARGET = 12.0;
				LD_RUNPATH_SEARCH_PATHS = (
					"$(inherited)",
					"@executable_path/Frameworks",
				);
				PRODUCT_BUNDLE_IDENTIFIER = Cisco.Test;
				PRODUCT_NAME = "$(TARGET_NAME)";
				PROVISIONING_PROFILE_SPECIFIER = "";
				SWIFT_VERSION = 5.0;
				TARGETED_DEVICE_FAMILY = "1,2";
			};
			name = Debug;
		};
		84A38C3D22B77D56002785B0 /* Release */ = {
			isa = XCBuildConfiguration;
			baseConfigurationReference = AFC7F2954E4BE9F86033F6AB /* Pods-Test.release.xcconfig */;
			buildSettings = {
				ASSETCATALOG_COMPILER_APPICON_NAME = AppIcon;
				CODE_SIGN_IDENTITY = "iPhone Developer";
				CODE_SIGN_STYLE = Automatic;
				DEVELOPMENT_TEAM = 526ZH5JYYX;
				INFOPLIST_FILE = Test/Info.plist;
				IPHONEOS_DEPLOYMENT_TARGET = 12.0;
				LD_RUNPATH_SEARCH_PATHS = (
					"$(inherited)",
					"@executable_path/Frameworks",
				);
				PRODUCT_BUNDLE_IDENTIFIER = Cisco.Test;
				PRODUCT_NAME = "$(TARGET_NAME)";
				PROVISIONING_PROFILE_SPECIFIER = "";
				SWIFT_VERSION = 5.0;
				TARGETED_DEVICE_FAMILY = "1,2";
			};
			name = Release;
		};
		84A38C3F22B77D56002785B0 /* Debug */ = {
			isa = XCBuildConfiguration;
			buildSettings = {
				ALWAYS_EMBED_SWIFT_STANDARD_LIBRARIES = YES;
				BUNDLE_LOADER = "$(TEST_HOST)";
				CODE_SIGN_STYLE = Automatic;
				INFOPLIST_FILE = TestTests/Info.plist;
				LD_RUNPATH_SEARCH_PATHS = (
					"$(inherited)",
					"@executable_path/Frameworks",
					"@loader_path/Frameworks",
				);
				PRODUCT_BUNDLE_IDENTIFIER = Cisco.TestTests;
				PRODUCT_NAME = "$(TARGET_NAME)";
				SWIFT_VERSION = 5.0;
				TARGETED_DEVICE_FAMILY = "1,2";
				TEST_HOST = "$(BUILT_PRODUCTS_DIR)/Test.app/Test";
			};
			name = Debug;
		};
		84A38C4022B77D56002785B0 /* Release */ = {
			isa = XCBuildConfiguration;
			buildSettings = {
				ALWAYS_EMBED_SWIFT_STANDARD_LIBRARIES = YES;
				BUNDLE_LOADER = "$(TEST_HOST)";
				CODE_SIGN_STYLE = Automatic;
				INFOPLIST_FILE = TestTests/Info.plist;
				LD_RUNPATH_SEARCH_PATHS = (
					"$(inherited)",
					"@executable_path/Frameworks",
					"@loader_path/Frameworks",
				);
				PRODUCT_BUNDLE_IDENTIFIER = Cisco.TestTests;
				PRODUCT_NAME = "$(TARGET_NAME)";
				SWIFT_VERSION = 5.0;
				TARGETED_DEVICE_FAMILY = "1,2";
				TEST_HOST = "$(BUILT_PRODUCTS_DIR)/Test.app/Test";
			};
			name = Release;
		};
		84A38C4222B77D56002785B0 /* Debug */ = {
			isa = XCBuildConfiguration;
			buildSettings = {
				ALWAYS_EMBED_SWIFT_STANDARD_LIBRARIES = YES;
				CODE_SIGN_STYLE = Automatic;
				INFOPLIST_FILE = TestUITests/Info.plist;
				LD_RUNPATH_SEARCH_PATHS = (
					"$(inherited)",
					"@executable_path/Frameworks",
					"@loader_path/Frameworks",
				);
				PRODUCT_BUNDLE_IDENTIFIER = Cisco.TestUITests;
				PRODUCT_NAME = "$(TARGET_NAME)";
				SWIFT_VERSION = 5.0;
				TARGETED_DEVICE_FAMILY = "1,2";
				TEST_TARGET_NAME = Test;
			};
			name = Debug;
		};
		84A38C4322B77D56002785B0 /* Release */ = {
			isa = XCBuildConfiguration;
			buildSettings = {
				ALWAYS_EMBED_SWIFT_STANDARD_LIBRARIES = YES;
				CODE_SIGN_STYLE = Automatic;
				INFOPLIST_FILE = TestUITests/Info.plist;
				LD_RUNPATH_SEARCH_PATHS = (
					"$(inherited)",
					"@executable_path/Frameworks",
					"@loader_path/Frameworks",
				);
				PRODUCT_BUNDLE_IDENTIFIER = Cisco.TestUITests;
				PRODUCT_NAME = "$(TARGET_NAME)";
				SWIFT_VERSION = 5.0;
				TARGETED_DEVICE_FAMILY = "1,2";
				TEST_TARGET_NAME = Test;
			};
			name = Release;
		};
/* End XCBuildConfiguration section */

/* Begin XCConfigurationList section */
		84A38C0E22B77D54002785B0 /* Build configuration list for PBXProject "Test" */ = {
			isa = XCConfigurationList;
			buildConfigurations = (
				84A38C3922B77D56002785B0 /* Debug */,
				84A38C3A22B77D56002785B0 /* Release */,
			);
			defaultConfigurationIsVisible = 0;
			defaultConfigurationName = Release;
		};
		84A38C3B22B77D56002785B0 /* Build configuration list for PBXNativeTarget "Test" */ = {
			isa = XCConfigurationList;
			buildConfigurations = (
				84A38C3C22B77D56002785B0 /* Debug */,
				84A38C3D22B77D56002785B0 /* Release */,
			);
			defaultConfigurationIsVisible = 0;
			defaultConfigurationName = Release;
		};
		84A38C3E22B77D56002785B0 /* Build configuration list for PBXNativeTarget "TestTests" */ = {
			isa = XCConfigurationList;
			buildConfigurations = (
				84A38C3F22B77D56002785B0 /* Debug */,
				84A38C4022B77D56002785B0 /* Release */,
			);
			defaultConfigurationIsVisible = 0;
			defaultConfigurationName = Release;
		};
		84A38C4122B77D56002785B0 /* Build configuration list for PBXNativeTarget "TestUITests" */ = {
			isa = XCConfigurationList;
			buildConfigurations = (
				84A38C4222B77D56002785B0 /* Debug */,
				84A38C4322B77D56002785B0 /* Release */,
			);
			defaultConfigurationIsVisible = 0;
			defaultConfigurationName = Release;
		};
/* End XCConfigurationList section */
	};
	rootObject = 84A38C0B22B77D54002785B0 /* Project object */;
}
